
Microsoft Visual Studio Solution File, Format Version 12.00
# Visual Studio Version 17
VisualStudioVersion = 17.0.32112.339
MinimumVisualStudioVersion = 10.0.40219.1
Project("{9A19103F-16F7-4668-BE54-9A1E7A4F7556}") = "AnonFilesUpload.Api", "AnonFilesUpload.Api\AnonFilesUpload.Api.csproj", "{65A5185F-651F-444D-B003-B0C8854CDE4C}"
EndProject
Project("{9A19103F-16F7-4668-BE54-9A1E7A4F7556}") = "AnonFilesUpload.MVC", "AnonFilesUpload.MVC\AnonFilesUpload.MVC.csproj", "{7882FCB2-FEA6-48AC-822D-9AFA89AD090E}"
EndProject
Project("{9A19103F-16F7-4668-BE54-9A1E7A4F7556}") = "AnonFilesUpload.Data", "AnonFilesUpload.Data\AnonFilesUpload.Data.csproj", "{2F14EFF4-87F7-4A96-B602-73D6B2CBAB57}"
EndProject
Project("{9A19103F-16F7-4668-BE54-9A1E7A4F7556}") = "AnonFilesUpload.IdentityServer", "AnonFilesUpload.IdentityServer\AnonFilesUpload.IdentityServer.csproj", "{67FA6BC2-3159-44BF-9B04-2D7D0260177F}"
EndProject
Project("{9A19103F-16F7-4668-BE54-9A1E7A4F7556}") = "AnonFilesUpload.Shared", "AnonFilesUpload.Shared\AnonFilesUpload.Shared.csproj", "{2F7F0322-09EA-41DA-B2AD-F96BC89A7DA3}"
EndProject
Global
	GlobalSection(SolutionConfigurationPlatforms) = preSolution
		Debug|Any CPU = Debug|Any CPU
		Release|Any CPU = Release|Any CPU
	EndGlobalSection
	GlobalSection(ProjectConfigurationPlatforms) = postSolution
		{65A5185F-651F-444D-B003-B0C8854CDE4C}.Debug|Any CPU.ActiveCfg = Debug|Any CPU
		{65A5185F-651F-444D-B003-B0C8854CDE4C}.Debug|Any CPU.Build.0 = Debug|Any CPU
		{65A5185F-651F-444D-B003-B0C8854CDE4C}.Release|Any CPU.ActiveCfg = Release|Any CPU
		{65A5185F-651F-444D-B003-B0C8854CDE4C}.Release|Any CPU.Build.0 = Release|Any CPU
		{7882FCB2-FEA6-48AC-822D-9AFA89AD090E}.Debug|Any CPU.ActiveCfg = Debug|Any CPU
		{7882FCB2-FEA6-48AC-822D-9AFA89AD090E}.Debug|Any CPU.Build.0 = Debug|Any CPU
		{7882FCB2-FEA6-48AC-822D-9AFA89AD090E}.Release|Any CPU.ActiveCfg = Release|Any CPU
		{7882FCB2-FEA6-48AC-822D-9AFA89AD090E}.Release|Any CPU.Build.0 = Release|Any CPU
		{2F14EFF4-87F7-4A96-B602-73D6B2CBAB57}.Debug|Any CPU.ActiveCfg = Debug|Any CPU
		{2F14EFF4-87F7-4A96-B602-73D6B2CBAB57}.Debug|Any CPU.Build.0 = Debug|Any CPU
		{2F14EFF4-87F7-4A96-B602-73D6B2CBAB57}.Release|Any CPU.ActiveCfg = Release|Any CPU
		{2F14EFF4-87F7-4A96-B602-73D6B2CBAB57}.Release|Any CPU.Build.0 = Release|Any CPU
		{67FA6BC2-3159-44BF-9B04-2D7D0260177F}.Debug|Any CPU.ActiveCfg = Debug|Any CPU
		{67FA6BC2-3159-44BF-9B04-2D7D0260177F}.Debug|Any CPU.Build.0 = Debug|Any CPU
		{67FA6BC2-3159-44BF-9B04-2D7D0260177F}.Release|Any CPU.ActiveCfg = Release|Any CPU
		{67FA6BC2-3159-44BF-9B04-2D7D0260177F}.Release|Any CPU.Build.0 = Release|Any CPU
		{2F7F0322-09EA-41DA-B2AD-F96BC89A7DA3}.Debug|Any CPU.ActiveCfg = Debug|Any CPU
		{2F7F0322-09EA-41DA-B2AD-F96BC89A7DA3}.Debug|Any CPU.Build.0 = Debug|Any CPU
		{2F7F0322-09EA-41DA-B2AD-F96BC89A7DA3}.Release|Any CPU.ActiveCfg = Release|Any CPU
		{2F7F0322-09EA-41DA-B2AD-F96BC89A7DA3}.Release|Any CPU.Build.0 = Release|Any CPU
	EndGlobalSection
	GlobalSection(SolutionProperties) = preSolution
		HideSolutionNode = FALSE
	EndGlobalSection
	GlobalSection(ExtensibilityGlobals) = postSolution
		SolutionGuid = {1E6FF9DC-FA88-43CB-9600-94F3D301ABBB}
	EndGlobalSection
EndGlobal
