
Microsoft Visual Studio Solution File, Format Version 12.00
# Visual Studio Version 17
VisualStudioVersion = 17.0.32112.339
MinimumVisualStudioVersion = 10.0.40219.1
Project("{2150E333-8FDC-42A3-9474-1A3956D46DE8}") = "src", "src", "{D858785C-5F1F-4ECB-8C89-CBDDE5AF6D41}"
EndProject
Project("{2150E333-8FDC-42A3-9474-1A3956D46DE8}") = "Core", "Core", "{FAE4E0C2-4048-4344-9341-C4DFAEACCEDB}"
EndProject
Project("{2150E333-8FDC-42A3-9474-1A3956D46DE8}") = "Infrastructure", "Infrastructure", "{06F8E29C-41AC-4A18-87A3-8D3393DDEC1C}"
EndProject
Project("{2150E333-8FDC-42A3-9474-1A3956D46DE8}") = "Presentation", "Presentation", "{61FBB276-5C67-40FD-966D-BFA45A673387}"
EndProject
Project("{2150E333-8FDC-42A3-9474-1A3956D46DE8}") = "Services", "Services", "{CBE7727C-C044-4D36-94C3-CDEEAA1D5E6E}"
EndProject
Project("{2150E333-8FDC-42A3-9474-1A3956D46DE8}") = "Api", "Api", "{16470FAD-176E-4BC7-AEAC-407AFBA4C95C}"
EndProject
Project("{9A19103F-16F7-4668-BE54-9A1E7A4F7556}") = "FileUpload.Api.Domain", "src\Services\Api\Core\FileUpload.Api.Domain\FileUpload.Api.Domain.csproj", "{2BBB7E78-C42A-4BCD-945D-DB6BCA9D3DCF}"
EndProject
Project("{9A19103F-16F7-4668-BE54-9A1E7A4F7556}") = "FileUpload.Api.Application", "src\Services\Api\Core\FileUpload.Api.Application\FileUpload.Api.Application.csproj", "{0FE93BFF-FBBC-42FA-81C2-7334B7FC926C}"
EndProject
Project("{9A19103F-16F7-4668-BE54-9A1E7A4F7556}") = "FileUpload.Api.Infrastructure", "src\Services\Api\Infrastructure\FileUpload.Api.Infrastructure\FileUpload.Api.Infrastructure.csproj", "{4D56A5C4-81C2-4AFC-AEB8-39B24C42411A}"
EndProject
Project("{9A19103F-16F7-4668-BE54-9A1E7A4F7556}") = "FileUpload.Api.Persistence", "src\Services\Api\Infrastructure\FileUpload.Api.Persistence\FileUpload.Api.Persistence.csproj", "{DECDABB9-4D46-4620-A6A3-EB96EFF0C5C6}"
EndProject
Project("{2150E333-8FDC-42A3-9474-1A3956D46DE8}") = "Clients", "Clients", "{5AB18817-54C1-4CAD-B871-48BFF19E359F}"
EndProject
Project("{2150E333-8FDC-42A3-9474-1A3956D46DE8}") = "Core", "Core", "{81C1927B-D1F3-41F7-87ED-A414C3194931}"
EndProject
Project("{2150E333-8FDC-42A3-9474-1A3956D46DE8}") = "Infrastructure", "Infrastructure", "{59E257FC-7AFD-4B7F-A50B-D814C869C056}"
EndProject
Project("{2150E333-8FDC-42A3-9474-1A3956D46DE8}") = "Presentation", "Presentation", "{5836675B-7ED4-44C8-9EE3-2017089A21CD}"
EndProject
Project("{9A19103F-16F7-4668-BE54-9A1E7A4F7556}") = "FileUpload.MVC", "src\Clients\MVCClient\Presentation\FileUpload.MVC\FileUpload.MVC.csproj", "{C1C3C22C-2703-4ABA-81FA-788A858159E1}"
EndProject
Project("{9A19103F-16F7-4668-BE54-9A1E7A4F7556}") = "FileUpload.MVC.Application", "src\Clients\MVCClient\Core\FileUpload.MVC.Application\FileUpload.MVC.Application.csproj", "{76DB2808-7BB8-4B52-B066-9A2FA8A3B2B5}"
EndProject
Project("{9A19103F-16F7-4668-BE54-9A1E7A4F7556}") = "FileUpload.MVC.Infrastructure", "src\Clients\MVCClient\Infrastructure\FileUpload.MVC.Infrastructure\FileUpload.MVC.Infrastructure.csproj", "{F535759E-BA67-446F-AEC6-CAADE76AA948}"
EndProject
Project("{9A19103F-16F7-4668-BE54-9A1E7A4F7556}") = "FileUpload.Api", "src\Services\Api\Presentation\FileUpload.Api\FileUpload.Api.csproj", "{E2ED589C-6F00-4532-86B8-EFAE7538FC5B}"
EndProject
Project("{2150E333-8FDC-42A3-9474-1A3956D46DE8}") = "Identity", "Identity", "{1E8F6B2D-3F5F-4C53-A5C8-330A46E2177C}"
EndProject
Project("{9A19103F-16F7-4668-BE54-9A1E7A4F7556}") = "FileUpload.Identity.Data", "src\Services\Identity\FileUpload.Identity.Data\FileUpload.Identity.Data.csproj", "{65CC78C8-E282-4477-A264-CBF6FF9922C6}"
EndProject
Project("{9A19103F-16F7-4668-BE54-9A1E7A4F7556}") = "FileUpload.Identity.Server", "src\Services\Identity\FileUpload.Identity.Server\FileUpload.Identity.Server.csproj", "{CA3E8FC4-4E2B-4243-BC9E-3C5638FABC18}"
EndProject
Project("{2150E333-8FDC-42A3-9474-1A3956D46DE8}") = "Shared", "Shared", "{BFD003BA-EA58-433B-8D8F-F3960C77CA85}"
EndProject
Project("{9A19103F-16F7-4668-BE54-9A1E7A4F7556}") = "FileUpload.Shared", "src\Shared\FileUpload.Shared\FileUpload.Shared.csproj", "{54E4C11D-A25E-43A9-89CF-A7DEF0A774D4}"
EndProject
Project("{2150E333-8FDC-42A3-9474-1A3956D46DE8}") = "WorkerServices", "WorkerServices", "{31CDBC34-0764-4E28-920E-9E2B283C9396}"
EndProject
Project("{FAE04EC0-301F-11D3-BF4B-00C04F79EFBC}") = "SendEmail.WorkerService", "src\WorkerServices\SendEmail.WorkerService\SendEmail.WorkerService.csproj", "{34870CD4-2DF2-4BF1-BB35-41E1E1240DCB}"
EndProject
Global
	GlobalSection(SolutionConfigurationPlatforms) = preSolution
		Debug|Any CPU = Debug|Any CPU
		Release|Any CPU = Release|Any CPU
	EndGlobalSection
	GlobalSection(ProjectConfigurationPlatforms) = postSolution
		{2BBB7E78-C42A-4BCD-945D-DB6BCA9D3DCF}.Debug|Any CPU.ActiveCfg = Debug|Any CPU
		{2BBB7E78-C42A-4BCD-945D-DB6BCA9D3DCF}.Debug|Any CPU.Build.0 = Debug|Any CPU
		{2BBB7E78-C42A-4BCD-945D-DB6BCA9D3DCF}.Release|Any CPU.ActiveCfg = Release|Any CPU
		{2BBB7E78-C42A-4BCD-945D-DB6BCA9D3DCF}.Release|Any CPU.Build.0 = Release|Any CPU
		{0FE93BFF-FBBC-42FA-81C2-7334B7FC926C}.Debug|Any CPU.ActiveCfg = Debug|Any CPU
		{0FE93BFF-FBBC-42FA-81C2-7334B7FC926C}.Debug|Any CPU.Build.0 = Debug|Any CPU
		{0FE93BFF-FBBC-42FA-81C2-7334B7FC926C}.Release|Any CPU.ActiveCfg = Release|Any CPU
		{0FE93BFF-FBBC-42FA-81C2-7334B7FC926C}.Release|Any CPU.Build.0 = Release|Any CPU
		{4D56A5C4-81C2-4AFC-AEB8-39B24C42411A}.Debug|Any CPU.ActiveCfg = Debug|Any CPU
		{4D56A5C4-81C2-4AFC-AEB8-39B24C42411A}.Debug|Any CPU.Build.0 = Debug|Any CPU
		{4D56A5C4-81C2-4AFC-AEB8-39B24C42411A}.Release|Any CPU.ActiveCfg = Release|Any CPU
		{4D56A5C4-81C2-4AFC-AEB8-39B24C42411A}.Release|Any CPU.Build.0 = Release|Any CPU
		{DECDABB9-4D46-4620-A6A3-EB96EFF0C5C6}.Debug|Any CPU.ActiveCfg = Debug|Any CPU
		{DECDABB9-4D46-4620-A6A3-EB96EFF0C5C6}.Debug|Any CPU.Build.0 = Debug|Any CPU
		{DECDABB9-4D46-4620-A6A3-EB96EFF0C5C6}.Release|Any CPU.ActiveCfg = Release|Any CPU
		{DECDABB9-4D46-4620-A6A3-EB96EFF0C5C6}.Release|Any CPU.Build.0 = Release|Any CPU
		{C1C3C22C-2703-4ABA-81FA-788A858159E1}.Debug|Any CPU.ActiveCfg = Debug|Any CPU
		{C1C3C22C-2703-4ABA-81FA-788A858159E1}.Debug|Any CPU.Build.0 = Debug|Any CPU
		{C1C3C22C-2703-4ABA-81FA-788A858159E1}.Release|Any CPU.ActiveCfg = Release|Any CPU
		{C1C3C22C-2703-4ABA-81FA-788A858159E1}.Release|Any CPU.Build.0 = Release|Any CPU
		{76DB2808-7BB8-4B52-B066-9A2FA8A3B2B5}.Debug|Any CPU.ActiveCfg = Debug|Any CPU
		{76DB2808-7BB8-4B52-B066-9A2FA8A3B2B5}.Debug|Any CPU.Build.0 = Debug|Any CPU
		{76DB2808-7BB8-4B52-B066-9A2FA8A3B2B5}.Release|Any CPU.ActiveCfg = Release|Any CPU
		{76DB2808-7BB8-4B52-B066-9A2FA8A3B2B5}.Release|Any CPU.Build.0 = Release|Any CPU
		{F535759E-BA67-446F-AEC6-CAADE76AA948}.Debug|Any CPU.ActiveCfg = Debug|Any CPU
		{F535759E-BA67-446F-AEC6-CAADE76AA948}.Debug|Any CPU.Build.0 = Debug|Any CPU
		{F535759E-BA67-446F-AEC6-CAADE76AA948}.Release|Any CPU.ActiveCfg = Release|Any CPU
		{F535759E-BA67-446F-AEC6-CAADE76AA948}.Release|Any CPU.Build.0 = Release|Any CPU
		{E2ED589C-6F00-4532-86B8-EFAE7538FC5B}.Debug|Any CPU.ActiveCfg = Debug|Any CPU
		{E2ED589C-6F00-4532-86B8-EFAE7538FC5B}.Debug|Any CPU.Build.0 = Debug|Any CPU
		{E2ED589C-6F00-4532-86B8-EFAE7538FC5B}.Release|Any CPU.ActiveCfg = Release|Any CPU
		{E2ED589C-6F00-4532-86B8-EFAE7538FC5B}.Release|Any CPU.Build.0 = Release|Any CPU
		{65CC78C8-E282-4477-A264-CBF6FF9922C6}.Debug|Any CPU.ActiveCfg = Debug|Any CPU
		{65CC78C8-E282-4477-A264-CBF6FF9922C6}.Debug|Any CPU.Build.0 = Debug|Any CPU
		{65CC78C8-E282-4477-A264-CBF6FF9922C6}.Release|Any CPU.ActiveCfg = Release|Any CPU
		{65CC78C8-E282-4477-A264-CBF6FF9922C6}.Release|Any CPU.Build.0 = Release|Any CPU
		{CA3E8FC4-4E2B-4243-BC9E-3C5638FABC18}.Debug|Any CPU.ActiveCfg = Debug|Any CPU
		{CA3E8FC4-4E2B-4243-BC9E-3C5638FABC18}.Debug|Any CPU.Build.0 = Debug|Any CPU
		{CA3E8FC4-4E2B-4243-BC9E-3C5638FABC18}.Release|Any CPU.ActiveCfg = Release|Any CPU
		{CA3E8FC4-4E2B-4243-BC9E-3C5638FABC18}.Release|Any CPU.Build.0 = Release|Any CPU
		{54E4C11D-A25E-43A9-89CF-A7DEF0A774D4}.Debug|Any CPU.ActiveCfg = Debug|Any CPU
		{54E4C11D-A25E-43A9-89CF-A7DEF0A774D4}.Debug|Any CPU.Build.0 = Debug|Any CPU
		{54E4C11D-A25E-43A9-89CF-A7DEF0A774D4}.Release|Any CPU.ActiveCfg = Release|Any CPU
		{54E4C11D-A25E-43A9-89CF-A7DEF0A774D4}.Release|Any CPU.Build.0 = Release|Any CPU
		{34870CD4-2DF2-4BF1-BB35-41E1E1240DCB}.Debug|Any CPU.ActiveCfg = Debug|Any CPU
		{34870CD4-2DF2-4BF1-BB35-41E1E1240DCB}.Debug|Any CPU.Build.0 = Debug|Any CPU
		{34870CD4-2DF2-4BF1-BB35-41E1E1240DCB}.Release|Any CPU.ActiveCfg = Release|Any CPU
		{34870CD4-2DF2-4BF1-BB35-41E1E1240DCB}.Release|Any CPU.Build.0 = Release|Any CPU
	EndGlobalSection
	GlobalSection(SolutionProperties) = preSolution
		HideSolutionNode = FALSE
	EndGlobalSection
	GlobalSection(NestedProjects) = preSolution
		{FAE4E0C2-4048-4344-9341-C4DFAEACCEDB} = {16470FAD-176E-4BC7-AEAC-407AFBA4C95C}
		{06F8E29C-41AC-4A18-87A3-8D3393DDEC1C} = {16470FAD-176E-4BC7-AEAC-407AFBA4C95C}
		{61FBB276-5C67-40FD-966D-BFA45A673387} = {16470FAD-176E-4BC7-AEAC-407AFBA4C95C}
		{CBE7727C-C044-4D36-94C3-CDEEAA1D5E6E} = {D858785C-5F1F-4ECB-8C89-CBDDE5AF6D41}
		{16470FAD-176E-4BC7-AEAC-407AFBA4C95C} = {CBE7727C-C044-4D36-94C3-CDEEAA1D5E6E}
		{2BBB7E78-C42A-4BCD-945D-DB6BCA9D3DCF} = {FAE4E0C2-4048-4344-9341-C4DFAEACCEDB}
		{0FE93BFF-FBBC-42FA-81C2-7334B7FC926C} = {FAE4E0C2-4048-4344-9341-C4DFAEACCEDB}
		{4D56A5C4-81C2-4AFC-AEB8-39B24C42411A} = {06F8E29C-41AC-4A18-87A3-8D3393DDEC1C}
		{DECDABB9-4D46-4620-A6A3-EB96EFF0C5C6} = {06F8E29C-41AC-4A18-87A3-8D3393DDEC1C}
		{5AB18817-54C1-4CAD-B871-48BFF19E359F} = {D858785C-5F1F-4ECB-8C89-CBDDE5AF6D41}
		{81C1927B-D1F3-41F7-87ED-A414C3194931} = {5AB18817-54C1-4CAD-B871-48BFF19E359F}
		{59E257FC-7AFD-4B7F-A50B-D814C869C056} = {5AB18817-54C1-4CAD-B871-48BFF19E359F}
		{5836675B-7ED4-44C8-9EE3-2017089A21CD} = {5AB18817-54C1-4CAD-B871-48BFF19E359F}
		{C1C3C22C-2703-4ABA-81FA-788A858159E1} = {5836675B-7ED4-44C8-9EE3-2017089A21CD}
		{76DB2808-7BB8-4B52-B066-9A2FA8A3B2B5} = {81C1927B-D1F3-41F7-87ED-A414C3194931}
		{F535759E-BA67-446F-AEC6-CAADE76AA948} = {59E257FC-7AFD-4B7F-A50B-D814C869C056}
		{E2ED589C-6F00-4532-86B8-EFAE7538FC5B} = {61FBB276-5C67-40FD-966D-BFA45A673387}
		{1E8F6B2D-3F5F-4C53-A5C8-330A46E2177C} = {CBE7727C-C044-4D36-94C3-CDEEAA1D5E6E}
		{65CC78C8-E282-4477-A264-CBF6FF9922C6} = {1E8F6B2D-3F5F-4C53-A5C8-330A46E2177C}
		{CA3E8FC4-4E2B-4243-BC9E-3C5638FABC18} = {1E8F6B2D-3F5F-4C53-A5C8-330A46E2177C}
		{BFD003BA-EA58-433B-8D8F-F3960C77CA85} = {D858785C-5F1F-4ECB-8C89-CBDDE5AF6D41}
		{54E4C11D-A25E-43A9-89CF-A7DEF0A774D4} = {BFD003BA-EA58-433B-8D8F-F3960C77CA85}
		{31CDBC34-0764-4E28-920E-9E2B283C9396} = {D858785C-5F1F-4ECB-8C89-CBDDE5AF6D41}
		{34870CD4-2DF2-4BF1-BB35-41E1E1240DCB} = {31CDBC34-0764-4E28-920E-9E2B283C9396}
	EndGlobalSection
	GlobalSection(ExtensibilityGlobals) = postSolution
		SolutionGuid = {1E6FF9DC-FA88-43CB-9600-94F3D301ABBB}
	EndGlobalSection
EndGlobal
