
Microsoft Visual Studio Solution File, Format Version 12.00
# Visual Studio Version 17
VisualStudioVersion = 17.0.32112.339
MinimumVisualStudioVersion = 10.0.40219.1
Project("{2150E333-8FDC-42A3-9474-1A3956D46DE8}") = "src", "src", "{D858785C-5F1F-4ECB-8C89-CBDDE5AF6D41}"
EndProject
Project("{9A19103F-16F7-4668-BE54-9A1E7A4F7556}") = "FileUpload.IdentityServer", "src\FileUpload.IdentityServer\FileUpload.IdentityServer.csproj", "{D2F31115-365C-4A65-B2D0-5758B8488CC7}"
EndProject
Project("{9A19103F-16F7-4668-BE54-9A1E7A4F7556}") = "FileUpload.MVC", "src\FileUpload.MVC\FileUpload.MVC.csproj", "{ED0C51C2-B8CE-4642-BBBF-07E0C3D15850}"
EndProject
Project("{9A19103F-16F7-4668-BE54-9A1E7A4F7556}") = "FileUpload.Shared", "src\FileUpload.Shared\FileUpload.Shared.csproj", "{056D18C4-794A-404E-A51E-F476E56C1C1E}"
EndProject
Project("{2150E333-8FDC-42A3-9474-1A3956D46DE8}") = "test", "test", "{445C096D-C4AE-472B-8D78-FD63D3C8C91C}"
EndProject
Project("{9A19103F-16F7-4668-BE54-9A1E7A4F7556}") = "FileUpload.Api.UnitTest", "test\FileUpload.Api.UnitTest\FileUpload.Api.UnitTest.csproj", "{837AC285-EE0F-49AE-B93C-C61B4BDA7E6C}"
EndProject
Project("{2150E333-8FDC-42A3-9474-1A3956D46DE8}") = "Core", "Core", "{FAE4E0C2-4048-4344-9341-C4DFAEACCEDB}"
EndProject
Project("{2150E333-8FDC-42A3-9474-1A3956D46DE8}") = "Infrastructure", "Infrastructure", "{06F8E29C-41AC-4A18-87A3-8D3393DDEC1C}"
EndProject
Project("{2150E333-8FDC-42A3-9474-1A3956D46DE8}") = "Presentation", "Presentation", "{61FBB276-5C67-40FD-966D-BFA45A673387}"
EndProject
Project("{9A19103F-16F7-4668-BE54-9A1E7A4F7556}") = "FileUpload.Domain", "src\Core\FileUpload.Domain\FileUpload.Domain.csproj", "{DBD1F1A1-A2D7-4102-9E8C-7741932E7023}"
EndProject
Project("{9A19103F-16F7-4668-BE54-9A1E7A4F7556}") = "FileUpload.Application", "src\Core\FileUpload.Application\FileUpload.Application.csproj", "{CE74576F-C01C-47E9-AC40-B2F38A920D41}"
EndProject
Project("{9A19103F-16F7-4668-BE54-9A1E7A4F7556}") = "FileUpload.Infrastructure", "src\Infrastructure\FileUpload.Infrastructure\FileUpload.Infrastructure.csproj", "{750DC826-F77C-41F5-8538-D06E8D43E7F2}"
EndProject
Project("{9A19103F-16F7-4668-BE54-9A1E7A4F7556}") = "FileUpload.Persistence", "src\Infrastructure\FileUpload.Persistence\FileUpload.Persistence.csproj", "{6D0D4D7E-57CF-4CF7-93CB-32C987167193}"
EndProject
Project("{2150E333-8FDC-42A3-9474-1A3956D46DE8}") = "WebApi", "WebApi", "{A74FD332-23D7-4E56-B087-9C2B17468FFB}"
EndProject
Project("{9A19103F-16F7-4668-BE54-9A1E7A4F7556}") = "FileUpload.WebApi", "src\Presentation\WebApi\FileUpload.WebApi\FileUpload.WebApi.csproj", "{8B775CAE-73BB-45C3-BF47-206F0F402477}"
EndProject
Project("{9A19103F-16F7-4668-BE54-9A1E7A4F7556}") = "FileUpload.Data", "src\FileUpload.Data\FileUpload.Data.csproj", "{BA469FFF-225E-449E-8499-6C152683BA0E}"
EndProject
Project("{2150E333-8FDC-42A3-9474-1A3956D46DE8}") = "Services", "Services", "{CBE7727C-C044-4D36-94C3-CDEEAA1D5E6E}"
EndProject
Global
	GlobalSection(SolutionConfigurationPlatforms) = preSolution
		Debug|Any CPU = Debug|Any CPU
		Release|Any CPU = Release|Any CPU
	EndGlobalSection
	GlobalSection(ProjectConfigurationPlatforms) = postSolution
		{D2F31115-365C-4A65-B2D0-5758B8488CC7}.Debug|Any CPU.ActiveCfg = Debug|Any CPU
		{D2F31115-365C-4A65-B2D0-5758B8488CC7}.Debug|Any CPU.Build.0 = Debug|Any CPU
		{D2F31115-365C-4A65-B2D0-5758B8488CC7}.Release|Any CPU.ActiveCfg = Release|Any CPU
		{D2F31115-365C-4A65-B2D0-5758B8488CC7}.Release|Any CPU.Build.0 = Release|Any CPU
		{ED0C51C2-B8CE-4642-BBBF-07E0C3D15850}.Debug|Any CPU.ActiveCfg = Debug|Any CPU
		{ED0C51C2-B8CE-4642-BBBF-07E0C3D15850}.Debug|Any CPU.Build.0 = Debug|Any CPU
		{ED0C51C2-B8CE-4642-BBBF-07E0C3D15850}.Release|Any CPU.ActiveCfg = Release|Any CPU
		{ED0C51C2-B8CE-4642-BBBF-07E0C3D15850}.Release|Any CPU.Build.0 = Release|Any CPU
		{056D18C4-794A-404E-A51E-F476E56C1C1E}.Debug|Any CPU.ActiveCfg = Debug|Any CPU
		{056D18C4-794A-404E-A51E-F476E56C1C1E}.Debug|Any CPU.Build.0 = Debug|Any CPU
		{056D18C4-794A-404E-A51E-F476E56C1C1E}.Release|Any CPU.ActiveCfg = Release|Any CPU
		{056D18C4-794A-404E-A51E-F476E56C1C1E}.Release|Any CPU.Build.0 = Release|Any CPU
		{837AC285-EE0F-49AE-B93C-C61B4BDA7E6C}.Debug|Any CPU.ActiveCfg = Debug|Any CPU
		{837AC285-EE0F-49AE-B93C-C61B4BDA7E6C}.Debug|Any CPU.Build.0 = Debug|Any CPU
		{837AC285-EE0F-49AE-B93C-C61B4BDA7E6C}.Release|Any CPU.ActiveCfg = Release|Any CPU
		{837AC285-EE0F-49AE-B93C-C61B4BDA7E6C}.Release|Any CPU.Build.0 = Release|Any CPU
		{DBD1F1A1-A2D7-4102-9E8C-7741932E7023}.Debug|Any CPU.ActiveCfg = Debug|Any CPU
		{DBD1F1A1-A2D7-4102-9E8C-7741932E7023}.Debug|Any CPU.Build.0 = Debug|Any CPU
		{DBD1F1A1-A2D7-4102-9E8C-7741932E7023}.Release|Any CPU.ActiveCfg = Release|Any CPU
		{DBD1F1A1-A2D7-4102-9E8C-7741932E7023}.Release|Any CPU.Build.0 = Release|Any CPU
		{CE74576F-C01C-47E9-AC40-B2F38A920D41}.Debug|Any CPU.ActiveCfg = Debug|Any CPU
		{CE74576F-C01C-47E9-AC40-B2F38A920D41}.Debug|Any CPU.Build.0 = Debug|Any CPU
		{CE74576F-C01C-47E9-AC40-B2F38A920D41}.Release|Any CPU.ActiveCfg = Release|Any CPU
		{CE74576F-C01C-47E9-AC40-B2F38A920D41}.Release|Any CPU.Build.0 = Release|Any CPU
		{750DC826-F77C-41F5-8538-D06E8D43E7F2}.Debug|Any CPU.ActiveCfg = Debug|Any CPU
		{750DC826-F77C-41F5-8538-D06E8D43E7F2}.Debug|Any CPU.Build.0 = Debug|Any CPU
		{750DC826-F77C-41F5-8538-D06E8D43E7F2}.Release|Any CPU.ActiveCfg = Release|Any CPU
		{750DC826-F77C-41F5-8538-D06E8D43E7F2}.Release|Any CPU.Build.0 = Release|Any CPU
		{6D0D4D7E-57CF-4CF7-93CB-32C987167193}.Debug|Any CPU.ActiveCfg = Debug|Any CPU
		{6D0D4D7E-57CF-4CF7-93CB-32C987167193}.Debug|Any CPU.Build.0 = Debug|Any CPU
		{6D0D4D7E-57CF-4CF7-93CB-32C987167193}.Release|Any CPU.ActiveCfg = Release|Any CPU
		{6D0D4D7E-57CF-4CF7-93CB-32C987167193}.Release|Any CPU.Build.0 = Release|Any CPU
		{8B775CAE-73BB-45C3-BF47-206F0F402477}.Debug|Any CPU.ActiveCfg = Debug|Any CPU
		{8B775CAE-73BB-45C3-BF47-206F0F402477}.Debug|Any CPU.Build.0 = Debug|Any CPU
		{8B775CAE-73BB-45C3-BF47-206F0F402477}.Release|Any CPU.ActiveCfg = Release|Any CPU
		{8B775CAE-73BB-45C3-BF47-206F0F402477}.Release|Any CPU.Build.0 = Release|Any CPU
		{BA469FFF-225E-449E-8499-6C152683BA0E}.Debug|Any CPU.ActiveCfg = Debug|Any CPU
		{BA469FFF-225E-449E-8499-6C152683BA0E}.Debug|Any CPU.Build.0 = Debug|Any CPU
		{BA469FFF-225E-449E-8499-6C152683BA0E}.Release|Any CPU.ActiveCfg = Release|Any CPU
		{BA469FFF-225E-449E-8499-6C152683BA0E}.Release|Any CPU.Build.0 = Release|Any CPU
	EndGlobalSection
	GlobalSection(SolutionProperties) = preSolution
		HideSolutionNode = FALSE
	EndGlobalSection
	GlobalSection(NestedProjects) = preSolution
		{D2F31115-365C-4A65-B2D0-5758B8488CC7} = {D858785C-5F1F-4ECB-8C89-CBDDE5AF6D41}
		{ED0C51C2-B8CE-4642-BBBF-07E0C3D15850} = {D858785C-5F1F-4ECB-8C89-CBDDE5AF6D41}
		{056D18C4-794A-404E-A51E-F476E56C1C1E} = {D858785C-5F1F-4ECB-8C89-CBDDE5AF6D41}
		{837AC285-EE0F-49AE-B93C-C61B4BDA7E6C} = {445C096D-C4AE-472B-8D78-FD63D3C8C91C}
		{FAE4E0C2-4048-4344-9341-C4DFAEACCEDB} = {D858785C-5F1F-4ECB-8C89-CBDDE5AF6D41}
		{06F8E29C-41AC-4A18-87A3-8D3393DDEC1C} = {D858785C-5F1F-4ECB-8C89-CBDDE5AF6D41}
		{61FBB276-5C67-40FD-966D-BFA45A673387} = {D858785C-5F1F-4ECB-8C89-CBDDE5AF6D41}
		{DBD1F1A1-A2D7-4102-9E8C-7741932E7023} = {FAE4E0C2-4048-4344-9341-C4DFAEACCEDB}
		{CE74576F-C01C-47E9-AC40-B2F38A920D41} = {FAE4E0C2-4048-4344-9341-C4DFAEACCEDB}
		{750DC826-F77C-41F5-8538-D06E8D43E7F2} = {06F8E29C-41AC-4A18-87A3-8D3393DDEC1C}
		{6D0D4D7E-57CF-4CF7-93CB-32C987167193} = {06F8E29C-41AC-4A18-87A3-8D3393DDEC1C}
		{A74FD332-23D7-4E56-B087-9C2B17468FFB} = {61FBB276-5C67-40FD-966D-BFA45A673387}
		{8B775CAE-73BB-45C3-BF47-206F0F402477} = {A74FD332-23D7-4E56-B087-9C2B17468FFB}
		{BA469FFF-225E-449E-8499-6C152683BA0E} = {D858785C-5F1F-4ECB-8C89-CBDDE5AF6D41}
		{CBE7727C-C044-4D36-94C3-CDEEAA1D5E6E} = {D858785C-5F1F-4ECB-8C89-CBDDE5AF6D41}
	EndGlobalSection
	GlobalSection(ExtensibilityGlobals) = postSolution
		SolutionGuid = {1E6FF9DC-FA88-43CB-9600-94F3D301ABBB}
	EndGlobalSection
EndGlobal
